
Microsoft Visual Studio Solution File, Format Version 12.00
# Visual Studio Version 17
VisualStudioVersion = 17.10.35013.160
MinimumVisualStudioVersion = 10.0.40219.1
Project("{9A19103F-16F7-4668-BE54-9A1E7A4F7556}") = "Ej2.2_silo", "Ejercicio1\Ej2.2_silo.csproj", "{9C3E5AF7-E907-440A-966C-75FDDD88A40A}"
EndProject
Global
	GlobalSection(SolutionConfigurationPlatforms) = preSolution
		Debug|Any CPU = Debug|Any CPU
		Release|Any CPU = Release|Any CPU
	EndGlobalSection
	GlobalSection(ProjectConfigurationPlatforms) = postSolution
		{9C3E5AF7-E907-440A-966C-75FDDD88A40A}.Debug|Any CPU.ActiveCfg = Debug|Any CPU
		{9C3E5AF7-E907-440A-966C-75FDDD88A40A}.Debug|Any CPU.Build.0 = Debug|Any CPU
		{9C3E5AF7-E907-440A-966C-75FDDD88A40A}.Release|Any CPU.ActiveCfg = Release|Any CPU
		{9C3E5AF7-E907-440A-966C-75FDDD88A40A}.Release|Any CPU.Build.0 = Release|Any CPU
	EndGlobalSection
	GlobalSection(SolutionProperties) = preSolution
		HideSolutionNode = FALSE
	EndGlobalSection
	GlobalSection(ExtensibilityGlobals) = postSolution
		SolutionGuid = {677BA27E-297C-4866-B5D6-FFED7866AE41}
	EndGlobalSection
EndGlobal
